
Microsoft Visual Studio Solution File, Format Version 12.00
# Visual Studio 15
VisualStudioVersion = 15.0.28010.2041
MinimumVisualStudioVersion = 10.0.40219.1
Project("{FAE04EC0-301F-11D3-BF4B-00C04F79EFBC}") = "HelloWorld", "HelloWorld\HelloWorld.csproj", "{2732A06B-414F-4466-A9CB-7286204E7A95}"
EndProject
Global
	GlobalSection(SolutionConfigurationPlatforms) = preSolution
		Debug|Any CPU = Debug|Any CPU
		Release|Any CPU = Release|Any CPU
	EndGlobalSection
	GlobalSection(ProjectConfigurationPlatforms) = postSolution
		{2732A06B-414F-4466-A9CB-7286204E7A95}.Debug|Any CPU.ActiveCfg = Debug|Any CPU
		{2732A06B-414F-4466-A9CB-7286204E7A95}.Debug|Any CPU.Build.0 = Debug|Any CPU
		{2732A06B-414F-4466-A9CB-7286204E7A95}.Release|Any CPU.ActiveCfg = Release|Any CPU
		{2732A06B-414F-4466-A9CB-7286204E7A95}.Release|Any CPU.Build.0 = Release|Any CPU
	EndGlobalSection
	GlobalSection(SolutionProperties) = preSolution
		HideSolutionNode = FALSE
	EndGlobalSection
	GlobalSection(ExtensibilityGlobals) = postSolution
		SolutionGuid = {3D1905A9-2965-45DB-93B7-E0628EA07852}
	EndGlobalSection
EndGlobal
